// !$*UTF8*$!
{
	archiveVersion = 1;
	classes = {
	};
	objectVersion = 51;
	objects = {

/* Begin PBXBuildFile section */
		183F9B7D24ED27E600F62F17 /* GroceryListModel.swift in Sources */ = {isa = PBXBuildFile; fileRef = 183F9B7C24ED27E600F62F17 /* GroceryListModel.swift */; };
		183F9B7F24ED309F00F62F17 /* GroceryListTableViewCell.swift in Sources */ = {isa = PBXBuildFile; fileRef = 183F9B7E24ED309F00F62F17 /* GroceryListTableViewCell.swift */; };
		183F9B8324ED322A00F62F17 /* GroceryListConrtoller.swift in Sources */ = {isa = PBXBuildFile; fileRef = 183F9B8224ED322A00F62F17 /* GroceryListConrtoller.swift */; };
		18EF0DEE24E92C7A00F97F03 /* AppDelegate.swift in Sources */ = {isa = PBXBuildFile; fileRef = 18EF0DED24E92C7A00F97F03 /* AppDelegate.swift */; };
		18EF0DF024E92C7A00F97F03 /* SceneDelegate.swift in Sources */ = {isa = PBXBuildFile; fileRef = 18EF0DEF24E92C7A00F97F03 /* SceneDelegate.swift */; };
		18EF0DF224E92C7A00F97F03 /* ViewController.swift in Sources */ = {isa = PBXBuildFile; fileRef = 18EF0DF124E92C7A00F97F03 /* ViewController.swift */; };
		18EF0DF524E92C7A00F97F03 /* Main.storyboard in Resources */ = {isa = PBXBuildFile; fileRef = 18EF0DF324E92C7A00F97F03 /* Main.storyboard */; };
		18EF0DF724E92C7E00F97F03 /* Assets.xcassets in Resources */ = {isa = PBXBuildFile; fileRef = 18EF0DF624E92C7E00F97F03 /* Assets.xcassets */; };
		18EF0DFA24E92C7E00F97F03 /* LaunchScreen.storyboard in Resources */ = {isa = PBXBuildFile; fileRef = 18EF0DF824E92C7E00F97F03 /* LaunchScreen.storyboard */; };
		18EF0E0224E9AEC100F97F03 /* TableViewCell.swift in Sources */ = {isa = PBXBuildFile; fileRef = 18EF0E0124E9AEC100F97F03 /* TableViewCell.swift */; };
		8EBBC51ACFB1A9D083151837 /* Pods_GroceryExpenses.framework in Frameworks */ = {isa = PBXBuildFile; fileRef = C2B9C37B94DC11A5B815A6DD /* Pods_GroceryExpenses.framework */; };
/* End PBXBuildFile section */

/* Begin PBXFileReference section */
		183F9B7C24ED27E600F62F17 /* GroceryListModel.swift */ = {isa = PBXFileReference; lastKnownFileType = sourcecode.swift; path = GroceryListModel.swift; sourceTree = "<group>"; };
		183F9B7E24ED309F00F62F17 /* GroceryListTableViewCell.swift */ = {isa = PBXFileReference; lastKnownFileType = sourcecode.swift; path = GroceryListTableViewCell.swift; sourceTree = "<group>"; };
		183F9B8224ED322A00F62F17 /* GroceryListConrtoller.swift */ = {isa = PBXFileReference; lastKnownFileType = sourcecode.swift; path = GroceryListConrtoller.swift; sourceTree = "<group>"; };
		18EF0DEA24E92C7A00F97F03 /* GroceryExpenses.app */ = {isa = PBXFileReference; explicitFileType = wrapper.application; includeInIndex = 0; path = GroceryExpenses.app; sourceTree = BUILT_PRODUCTS_DIR; };
		18EF0DED24E92C7A00F97F03 /* AppDelegate.swift */ = {isa = PBXFileReference; lastKnownFileType = sourcecode.swift; path = AppDelegate.swift; sourceTree = "<group>"; };
		18EF0DEF24E92C7A00F97F03 /* SceneDelegate.swift */ = {isa = PBXFileReference; lastKnownFileType = sourcecode.swift; path = SceneDelegate.swift; sourceTree = "<group>"; };
		18EF0DF124E92C7A00F97F03 /* ViewController.swift */ = {isa = PBXFileReference; lastKnownFileType = sourcecode.swift; path = ViewController.swift; sourceTree = "<group>"; };
		18EF0DF424E92C7A00F97F03 /* Base */ = {isa = PBXFileReference; lastKnownFileType = file.storyboard; name = Base; path = Base.lproj/Main.storyboard; sourceTree = "<group>"; };
		18EF0DF624E92C7E00F97F03 /* Assets.xcassets */ = {isa = PBXFileReference; lastKnownFileType = folder.assetcatalog; path = Assets.xcassets; sourceTree = "<group>"; };
		18EF0DF924E92C7E00F97F03 /* Base */ = {isa = PBXFileReference; lastKnownFileType = file.storyboard; name = Base; path = Base.lproj/LaunchScreen.storyboard; sourceTree = "<group>"; };
		18EF0DFB24E92C7E00F97F03 /* Info.plist */ = {isa = PBXFileReference; lastKnownFileType = text.plist.xml; path = Info.plist; sourceTree = "<group>"; };
		18EF0E0124E9AEC100F97F03 /* TableViewCell.swift */ = {isa = PBXFileReference; lastKnownFileType = sourcecode.swift; path = TableViewCell.swift; sourceTree = "<group>"; };
		260055F1C7277A7B4A56987A /* Pods-GroceryExpenses.release.xcconfig */ = {isa = PBXFileReference; includeInIndex = 1; lastKnownFileType = text.xcconfig; name = "Pods-GroceryExpenses.release.xcconfig"; path = "Target Support Files/Pods-GroceryExpenses/Pods-GroceryExpenses.release.xcconfig"; sourceTree = "<group>"; };
		86A0071E4E7E38685F0439EC /* Pods-GroceryExpenses.debug.xcconfig */ = {isa = PBXFileReference; includeInIndex = 1; lastKnownFileType = text.xcconfig; name = "Pods-GroceryExpenses.debug.xcconfig"; path = "Target Support Files/Pods-GroceryExpenses/Pods-GroceryExpenses.debug.xcconfig"; sourceTree = "<group>"; };
		C2B9C37B94DC11A5B815A6DD /* Pods_GroceryExpenses.framework */ = {isa = PBXFileReference; explicitFileType = wrapper.framework; includeInIndex = 0; path = Pods_GroceryExpenses.framework; sourceTree = BUILT_PRODUCTS_DIR; };
/* End PBXFileReference section */

/* Begin PBXFrameworksBuildPhase section */
		18EF0DE724E92C7A00F97F03 /* Frameworks */ = {
			isa = PBXFrameworksBuildPhase;
			buildActionMask = 2147483647;
			files = (
				8EBBC51ACFB1A9D083151837 /* Pods_GroceryExpenses.framework in Frameworks */,
			);
			runOnlyForDeploymentPostprocessing = 0;
		};
/* End PBXFrameworksBuildPhase section */

/* Begin PBXGroup section */
		183F9B8024ED30A900F62F17 /* Data Tables */ = {
			isa = PBXGroup;
			children = (
				183F9B7E24ED309F00F62F17 /* GroceryListTableViewCell.swift */,
				18EF0E0124E9AEC100F97F03 /* TableViewCell.swift */,
			);
			path = "Data Tables";
			sourceTree = "<group>";
		};
		183F9B8124ED31FA00F62F17 /* Model */ = {
			isa = PBXGroup;
			children = (
				183F9B7C24ED27E600F62F17 /* GroceryListModel.swift */,
			);
			path = Model;
			sourceTree = "<group>";
		};
		18EF0DE124E92C7A00F97F03 = {
			isa = PBXGroup;
			children = (
				18EF0DEC24E92C7A00F97F03 /* GroceryExpenses */,
				18EF0DEB24E92C7A00F97F03 /* Products */,
				F549896C610A5D930DF08583 /* Pods */,
				B88B8B5864FD2E1FC58DE043 /* Frameworks */,
			);
			sourceTree = "<group>";
		};
		18EF0DEB24E92C7A00F97F03 /* Products */ = {
			isa = PBXGroup;
			children = (
				18EF0DEA24E92C7A00F97F03 /* GroceryExpenses.app */,
			);
			name = Products;
			sourceTree = "<group>";
		};
		18EF0DEC24E92C7A00F97F03 /* GroceryExpenses */ = {
			isa = PBXGroup;
			children = (
				18EF0DED24E92C7A00F97F03 /* AppDelegate.swift */,
				18EF0DEF24E92C7A00F97F03 /* SceneDelegate.swift */,
				183F9B8224ED322A00F62F17 /* GroceryListConrtoller.swift */,
				183F9B8124ED31FA00F62F17 /* Model */,
				18EF0DF124E92C7A00F97F03 /* ViewController.swift */,
				18EF0DF324E92C7A00F97F03 /* Main.storyboard */,
				18EF0DF624E92C7E00F97F03 /* Assets.xcassets */,
				18EF0DF824E92C7E00F97F03 /* LaunchScreen.storyboard */,
				18EF0DFB24E92C7E00F97F03 /* Info.plist */,
				183F9B8024ED30A900F62F17 /* Data Tables */,
			);
			path = GroceryExpenses;
			sourceTree = "<group>";
		};
		B88B8B5864FD2E1FC58DE043 /* Frameworks */ = {
			isa = PBXGroup;
			children = (
				C2B9C37B94DC11A5B815A6DD /* Pods_GroceryExpenses.framework */,
			);
			name = Frameworks;
			sourceTree = "<group>";
		};
		F549896C610A5D930DF08583 /* Pods */ = {
			isa = PBXGroup;
			children = (
				86A0071E4E7E38685F0439EC /* Pods-GroceryExpenses.debug.xcconfig */,
				260055F1C7277A7B4A56987A /* Pods-GroceryExpenses.release.xcconfig */,
			);
			path = Pods;
			sourceTree = "<group>";
		};
/* End PBXGroup section */

/* Begin PBXNativeTarget section */
		18EF0DE924E92C7A00F97F03 /* GroceryExpenses */ = {
			isa = PBXNativeTarget;
			buildConfigurationList = 18EF0DFE24E92C7E00F97F03 /* Build configuration list for PBXNativeTarget "GroceryExpenses" */;
			buildPhases = (
				E0BA5CC5E3BB568648861803 /* [CP] Check Pods Manifest.lock */,
				18EF0DE624E92C7A00F97F03 /* Sources */,
				18EF0DE724E92C7A00F97F03 /* Frameworks */,
				18EF0DE824E92C7A00F97F03 /* Resources */,
				782FFA74B5221E6886A7C1B7 /* [CP] Embed Pods Frameworks */,
			);
			buildRules = (
			);
			dependencies = (
			);
			name = GroceryExpenses;
			productName = GroceryExpenses;
			productReference = 18EF0DEA24E92C7A00F97F03 /* GroceryExpenses.app */;
			productType = "com.apple.product-type.application";
		};
/* End PBXNativeTarget section */

/* Begin PBXProject section */
		18EF0DE224E92C7A00F97F03 /* Project object */ = {
			isa = PBXProject;
			attributes = {
				LastSwiftUpdateCheck = 1150;
				LastUpgradeCheck = 1150;
				ORGANIZATIONNAME = Apple;
				TargetAttributes = {
					18EF0DE924E92C7A00F97F03 = {
						CreatedOnToolsVersion = 11.5;
					};
				};
			};
			buildConfigurationList = 18EF0DE524E92C7A00F97F03 /* Build configuration list for PBXProject "GroceryExpenses" */;
			compatibilityVersion = "Xcode 9.3";
			developmentRegion = en;
			hasScannedForEncodings = 0;
			knownRegions = (
				en,
				Base,
			);
			mainGroup = 18EF0DE124E92C7A00F97F03;
			productRefGroup = 18EF0DEB24E92C7A00F97F03 /* Products */;
			projectDirPath = "";
			projectRoot = "";
			targets = (
				18EF0DE924E92C7A00F97F03 /* GroceryExpenses */,
			);
		};
/* End PBXProject section */

/* Begin PBXResourcesBuildPhase section */
		18EF0DE824E92C7A00F97F03 /* Resources */ = {
			isa = PBXResourcesBuildPhase;
			buildActionMask = 2147483647;
			files = (
				18EF0DFA24E92C7E00F97F03 /* LaunchScreen.storyboard in Resources */,
				18EF0DF724E92C7E00F97F03 /* Assets.xcassets in Resources */,
				18EF0DF524E92C7A00F97F03 /* Main.storyboard in Resources */,
			);
			runOnlyForDeploymentPostprocessing = 0;
		};
/* End PBXResourcesBuildPhase section */

/* Begin PBXShellScriptBuildPhase section */
		782FFA74B5221E6886A7C1B7 /* [CP] Embed Pods Frameworks */ = {
			isa = PBXShellScriptBuildPhase;
			buildActionMask = 2147483647;
			files = (
			);
			inputFileListPaths = (
				"${PODS_ROOT}/Target Support Files/Pods-GroceryExpenses/Pods-GroceryExpenses-frameworks-${CONFIGURATION}-input-files.xcfilelist",
			);
			name = "[CP] Embed Pods Frameworks";
			outputFileListPaths = (
				"${PODS_ROOT}/Target Support Files/Pods-GroceryExpenses/Pods-GroceryExpenses-frameworks-${CONFIGURATION}-output-files.xcfilelist",
			);
			runOnlyForDeploymentPostprocessing = 0;
			shellPath = /bin/sh;
			shellScript = "\"${PODS_ROOT}/Target Support Files/Pods-GroceryExpenses/Pods-GroceryExpenses-frameworks.sh\"\n";
			showEnvVarsInLog = 0;
		};
		E0BA5CC5E3BB568648861803 /* [CP] Check Pods Manifest.lock */ = {
			isa = PBXShellScriptBuildPhase;
			buildActionMask = 2147483647;
			files = (
			);
			inputFileListPaths = (
			);
			inputPaths = (
				"${PODS_PODFILE_DIR_PATH}/Podfile.lock",
				"${PODS_ROOT}/Manifest.lock",
			);
			name = "[CP] Check Pods Manifest.lock";
			outputFileListPaths = (
			);
			outputPaths = (
				"$(DERIVED_FILE_DIR)/Pods-GroceryExpenses-checkManifestLockResult.txt",
			);
			runOnlyForDeploymentPostprocessing = 0;
			shellPath = /bin/sh;
			shellScript = "diff \"${PODS_PODFILE_DIR_PATH}/Podfile.lock\" \"${PODS_ROOT}/Manifest.lock\" > /dev/null\nif [ $? != 0 ] ; then\n    # print error to STDERR\n    echo \"error: The sandbox is not in sync with the Podfile.lock. Run 'pod install' or update your CocoaPods installation.\" >&2\n    exit 1\nfi\n# This output is used by Xcode 'outputs' to avoid re-running this script phase.\necho \"SUCCESS\" > \"${SCRIPT_OUTPUT_FILE_0}\"\n";
			showEnvVarsInLog = 0;
		};
/* End PBXShellScriptBuildPhase section */

/* Begin PBXSourcesBuildPhase section */
		18EF0DE624E92C7A00F97F03 /* Sources */ = {
			isa = PBXSourcesBuildPhase;
			buildActionMask = 2147483647;
			files = (
				18EF0DF224E92C7A00F97F03 /* ViewController.swift in Sources */,
				183F9B7F24ED309F00F62F17 /* GroceryListTableViewCell.swift in Sources */,
				18EF0E0224E9AEC100F97F03 /* TableViewCell.swift in Sources */,
				183F9B8324ED322A00F62F17 /* GroceryListConrtoller.swift in Sources */,
				18EF0DEE24E92C7A00F97F03 /* AppDelegate.swift in Sources */,
				183F9B7D24ED27E600F62F17 /* GroceryListModel.swift in Sources */,
				18EF0DF024E92C7A00F97F03 /* SceneDelegate.swift in Sources */,
			);
			runOnlyForDeploymentPostprocessing = 0;
		};
/* End PBXSourcesBuildPhase section */

/* Begin PBXVariantGroup section */
		18EF0DF324E92C7A00F97F03 /* Main.storyboard */ = {
			isa = PBXVariantGroup;
			children = (
				18EF0DF424E92C7A00F97F03 /* Base */,
			);
			name = Main.storyboard;
			sourceTree = "<group>";
		};
		18EF0DF824E92C7E00F97F03 /* LaunchScreen.storyboard */ = {
			isa = PBXVariantGroup;
			children = (
				18EF0DF924E92C7E00F97F03 /* Base */,
			);
			name = LaunchScreen.storyboard;
			sourceTree = "<group>";
		};
/* End PBXVariantGroup section */

/* Begin XCBuildConfiguration section */
		18EF0DFC24E92C7E00F97F03 /* Debug */ = {
			isa = XCBuildConfiguration;
			buildSettings = {
				ALWAYS_SEARCH_USER_PATHS = NO;
				CLANG_ANALYZER_NONNULL = YES;
				CLANG_ANALYZER_NUMBER_OBJECT_CONVERSION = YES_AGGRESSIVE;
				CLANG_CXX_LANGUAGE_STANDARD = "gnu++14";
				CLANG_CXX_LIBRARY = "libc++";
				CLANG_ENABLE_MODULES = YES;
				CLANG_ENABLE_OBJC_ARC = YES;
				CLANG_ENABLE_OBJC_WEAK = YES;
				CLANG_WARN_BLOCK_CAPTURE_AUTORELEASING = YES;
				CLANG_WARN_BOOL_CONVERSION = YES;
				CLANG_WARN_COMMA = YES;
				CLANG_WARN_CONSTANT_CONVERSION = YES;
				CLANG_WARN_DEPRECATED_OBJC_IMPLEMENTATIONS = YES;
				CLANG_WARN_DIRECT_OBJC_ISA_USAGE = YES_ERROR;
				CLANG_WARN_DOCUMENTATION_COMMENTS = YES;
				CLANG_WARN_EMPTY_BODY = YES;
				CLANG_WARN_ENUM_CONVERSION = YES;
				CLANG_WARN_INFINITE_RECURSION = YES;
				CLANG_WARN_INT_CONVERSION = YES;
				CLANG_WARN_NON_LITERAL_NULL_CONVERSION = YES;
				CLANG_WARN_OBJC_IMPLICIT_RETAIN_SELF = YES;
				CLANG_WARN_OBJC_LITERAL_CONVERSION = YES;
				CLANG_WARN_OBJC_ROOT_CLASS = YES_ERROR;
				CLANG_WARN_RANGE_LOOP_ANALYSIS = YES;
				CLANG_WARN_STRICT_PROTOTYPES = YES;
				CLANG_WARN_SUSPICIOUS_MOVE = YES;
				CLANG_WARN_UNGUARDED_AVAILABILITY = YES_AGGRESSIVE;
				CLANG_WARN_UNREACHABLE_CODE = YES;
				CLANG_WARN__DUPLICATE_METHOD_MATCH = YES;
				COPY_PHASE_STRIP = NO;
				DEBUG_INFORMATION_FORMAT = dwarf;
				ENABLE_STRICT_OBJC_MSGSEND = YES;
				ENABLE_TESTABILITY = YES;
				GCC_C_LANGUAGE_STANDARD = gnu11;
				GCC_DYNAMIC_NO_PIC = NO;
				GCC_NO_COMMON_BLOCKS = YES;
				GCC_OPTIMIZATION_LEVEL = 0;
				GCC_PREPROCESSOR_DEFINITIONS = (
					"DEBUG=1",
					"$(inherited)",
				);
				GCC_WARN_64_TO_32_BIT_CONVERSION = YES;
				GCC_WARN_ABOUT_RETURN_TYPE = YES_ERROR;
				GCC_WARN_UNDECLARED_SELECTOR = YES;
				GCC_WARN_UNINITIALIZED_AUTOS = YES_AGGRESSIVE;
				GCC_WARN_UNUSED_FUNCTION = YES;
				GCC_WARN_UNUSED_VARIABLE = YES;
				IPHONEOS_DEPLOYMENT_TARGET = 13.5;
				MTL_ENABLE_DEBUG_INFO = INCLUDE_SOURCE;
				MTL_FAST_MATH = YES;
				ONLY_ACTIVE_ARCH = YES;
				SDKROOT = iphoneos;
				SWIFT_ACTIVE_COMPILATION_CONDITIONS = DEBUG;
				SWIFT_OPTIMIZATION_LEVEL = "-Onone";
			};
			name = Debug;
		};
		18EF0DFD24E92C7E00F97F03 /* Release */ = {
			isa = XCBuildConfiguration;
			buildSettings = {
				ALWAYS_SEARCH_USER_PATHS = NO;
				CLANG_ANALYZER_NONNULL = YES;
				CLANG_ANALYZER_NUMBER_OBJECT_CONVERSION = YES_AGGRESSIVE;
				CLANG_CXX_LANGUAGE_STANDARD = "gnu++14";
				CLANG_CXX_LIBRARY = "libc++";
				CLANG_ENABLE_MODULES = YES;
				CLANG_ENABLE_OBJC_ARC = YES;
				CLANG_ENABLE_OBJC_WEAK = YES;
				CLANG_WARN_BLOCK_CAPTURE_AUTORELEASING = YES;
				CLANG_WARN_BOOL_CONVERSION = YES;
				CLANG_WARN_COMMA = YES;
				CLANG_WARN_CONSTANT_CONVERSION = YES;
				CLANG_WARN_DEPRECATED_OBJC_IMPLEMENTATIONS = YES;
				CLANG_WARN_DIRECT_OBJC_ISA_USAGE = YES_ERROR;
				CLANG_WARN_DOCUMENTATION_COMMENTS = YES;
				CLANG_WARN_EMPTY_BODY = YES;
				CLANG_WARN_ENUM_CONVERSION = YES;
				CLANG_WARN_INFINITE_RECURSION = YES;
				CLANG_WARN_INT_CONVERSION = YES;
				CLANG_WARN_NON_LITERAL_NULL_CONVERSION = YES;
				CLANG_WARN_OBJC_IMPLICIT_RETAIN_SELF = YES;
				CLANG_WARN_OBJC_LITERAL_CONVERSION = YES;
				CLANG_WARN_OBJC_ROOT_CLASS = YES_ERROR;
				CLANG_WARN_RANGE_LOOP_ANALYSIS = YES;
				CLANG_WARN_STRICT_PROTOTYPES = YES;
				CLANG_WARN_SUSPICIOUS_MOVE = YES;
				CLANG_WARN_UNGUARDED_AVAILABILITY = YES_AGGRESSIVE;
				CLANG_WARN_UNREACHABLE_CODE = YES;
				CLANG_WARN__DUPLICATE_METHOD_MATCH = YES;
				COPY_PHASE_STRIP = NO;
				DEBUG_INFORMATION_FORMAT = "dwarf-with-dsym";
				ENABLE_NS_ASSERTIONS = NO;
				ENABLE_STRICT_OBJC_MSGSEND = YES;
				GCC_C_LANGUAGE_STANDARD = gnu11;
				GCC_NO_COMMON_BLOCKS = YES;
				GCC_WARN_64_TO_32_BIT_CONVERSION = YES;
				GCC_WARN_ABOUT_RETURN_TYPE = YES_ERROR;
				GCC_WARN_UNDECLARED_SELECTOR = YES;
				GCC_WARN_UNINITIALIZED_AUTOS = YES_AGGRESSIVE;
				GCC_WARN_UNUSED_FUNCTION = YES;
				GCC_WARN_UNUSED_VARIABLE = YES;
				IPHONEOS_DEPLOYMENT_TARGET = 13.5;
				MTL_ENABLE_DEBUG_INFO = NO;
				MTL_FAST_MATH = YES;
				SDKROOT = iphoneos;
				SWIFT_COMPILATION_MODE = wholemodule;
				SWIFT_OPTIMIZATION_LEVEL = "-O";
				VALIDATE_PRODUCT = YES;
			};
			name = Release;
		};
		18EF0DFF24E92C7E00F97F03 /* Debug */ = {
			isa = XCBuildConfiguration;
			baseConfigurationReference = 86A0071E4E7E38685F0439EC /* Pods-GroceryExpenses.debug.xcconfig */;
			buildSettings = {
				ASSETCATALOG_COMPILER_APPICON_NAME = AppIcon;
				CODE_SIGN_STYLE = Automatic;
				DEVELOPMENT_TEAM = XB6RCTWV5U;
				INFOPLIST_FILE = GroceryExpenses/Info.plist;
				LD_RUNPATH_SEARCH_PATHS = (
					"$(inherited)",
					"@executable_path/Frameworks",
				);
				PRODUCT_BUNDLE_IDENTIFIER = com.zeeshanhabib.GroceryExpenses;
				PRODUCT_NAME = "$(TARGET_NAME)";
				SWIFT_VERSION = 5.0;
				TARGETED_DEVICE_FAMILY = "1,2";
			};
			name = Debug;
		};
		18EF0E0024E92C7E00F97F03 /* Release */ = {
			isa = XCBuildConfiguration;
			baseConfigurationReference = 260055F1C7277A7B4A56987A /* Pods-GroceryExpenses.release.xcconfig */;
			buildSettings = {
				ASSETCATALOG_COMPILER_APPICON_NAME = AppIcon;
				CODE_SIGN_STYLE = Automatic;
				DEVELOPMENT_TEAM = XB6RCTWV5U;
				INFOPLIST_FILE = GroceryExpenses/Info.plist;
				LD_RUNPATH_SEARCH_PATHS = (
					"$(inherited)",
					"@executable_path/Frameworks",
				);
				PRODUCT_BUNDLE_IDENTIFIER = com.zeeshanhabib.GroceryExpenses;
				PRODUCT_NAME = "$(TARGET_NAME)";
				SWIFT_VERSION = 5.0;
				TARGETED_DEVICE_FAMILY = "1,2";
			};
			name = Release;
		};
/* End XCBuildConfiguration section */

/* Begin XCConfigurationList section */
		18EF0DE524E92C7A00F97F03 /* Build configuration list for PBXProject "GroceryExpenses" */ = {
			isa = XCConfigurationList;
			buildConfigurations = (
				18EF0DFC24E92C7E00F97F03 /* Debug */,
				18EF0DFD24E92C7E00F97F03 /* Release */,
			);
			defaultConfigurationIsVisible = 0;
			defaultConfigurationName = Release;
		};
		18EF0DFE24E92C7E00F97F03 /* Build configuration list for PBXNativeTarget "GroceryExpenses" */ = {
			isa = XCConfigurationList;
			buildConfigurations = (
				18EF0DFF24E92C7E00F97F03 /* Debug */,
				18EF0E0024E92C7E00F97F03 /* Release */,
			);
			defaultConfigurationIsVisible = 0;
			defaultConfigurationName = Release;
		};
/* End XCConfigurationList section */
	};
	rootObject = 18EF0DE224E92C7A00F97F03 /* Project object */;
}
